{"version":4,"terraform_version":"1.11.4","serial":264,"lineage":"b456a3a2-58ce-4415-c271-975d277b1f62","outputs":{},"resources":[{"module":"module.simple_sns","mode":"managed","type":"aws_acm_certificate","name":"simple_sns_cert","provider":"provider[\"registry.opentofu.org/hashicorp/aws\"].us-east-1","instances":[{"schema_version":0,"attributes":{"arn":"arn:aws:acm:us-east-1:278280499340:certificate/206e9e97-acbc-4154-8d95-71eacdd521d8","certificate_authority_arn":"","certificate_body":null,"certificate_chain":null,"domain_name":"sns.aws.ashnova.jp","domain_validation_options":[{"domain_name":"sns.aws.ashnova.jp","resource_record_name":"_798d318e2270dd8952a077592667580a.sns.aws.ashnova.jp.","resource_record_type":"CNAME","resource_record_value":"_81e182a22b14401a4d4f8717a1362bd4.jkddzztszm.acm-validations.aws."}],"early_renewal_duration":"","id":"arn:aws:acm:us-east-1:278280499340:certificate/206e9e97-acbc-4154-8d95-71eacdd521d8","key_algorithm":"RSA_2048","not_after":"2027-03-04T23:59:59Z","not_before":"2026-02-03T00:00:00Z","options":[{"certificate_transparency_logging_preference":"ENABLED"}],"pending_renewal":false,"private_key":null,"renewal_eligibility":"ELIGIBLE","renewal_summary":[],"status":"ISSUED","subject_alternative_names":["sns.aws.ashnova.jp"],"tags":{"Application":"simple-sns","Environment":"production","Name":"simple-sns-cloudfront-cert"},"tags_all":{"Application":"simple-sns","Environment":"production","Name":"simple-sns-cloudfront-cert"},"type":"AMAZON_ISSUED","validation_emails":[],"validation_method":"DNS","validation_option":[]},"sensitive_attributes":[[{"type":"get_attr","value":"private_key"}]],"private":"bnVsbA==","create_before_destroy":true}]},{"module":"module.simple_sns","mode":"managed","type":"aws_cloudfront_distribution","name":"simple_sns_frontend","provider":"provider[\"registry.opentofu.org/hashicorp/aws\"]","instances":[{"schema_version":1,"attributes":{"aliases":["sns.aws.ashnova.jp"],"arn":"arn:aws:cloudfront::278280499340:distribution/E17ZFSUVHSJDWV","caller_reference":"b9aad7a4-28be-4838-a035-7d4abef5606c","comment":null,"continuous_deployment_policy_id":"","custom_error_response":[{"error_caching_min_ttl":0,"error_code":404,"response_code":200,"response_page_path":"/index.html"}],"default_cache_behavior":[{"allowed_methods":["GET","HEAD","OPTIONS"],"cache_policy_id":"658327ea-f89d-4fab-a63d-7e88639e58f6","cached_methods":["GET","HEAD"],"compress":true,"default_ttl":0,"field_level_encryption_id":"","forwarded_values":[],"function_association":[],"grpc_config":[{"enabled":false}],"lambda_function_association":[],"max_ttl":0,"min_ttl":0,"origin_request_policy_id":"","realtime_log_config_arn":"","response_headers_policy_id":"","smooth_streaming":false,"target_origin_id":"S3-simple-sns-2026","trusted_key_groups":[],"trusted_signers":[],"viewer_protocol_policy":"redirect-to-https"}],"default_root_object":"index.html","domain_name":"d9ww50cxv2sjg.cloudfront.net","enabled":false,"etag":"EU4ESB6GVMDET","hosted_zone_id":"Z2FDTNDATAQYW2","http_version":"http2","id":"E17ZFSUVHSJDWV","in_progress_validation_batches":0,"is_ipv6_enabled":true,"last_modified_time":"2026-02-04 09:00:26.158 +0000 UTC","logging_config":[],"ordered_cache_behavior":[],"origin":[{"connection_attempts":3,"connection_timeout":10,"custom_header":[],"custom_origin_config":[],"domain_name":"simple-sns-2026.s3.ap-northeast-1.amazonaws.com","origin_access_control_id":"E2IGSXZTLC7R9U","origin_id":"S3-simple-sns-2026","origin_path":"","origin_shield":[],"s3_origin_config":[],"vpc_origin_config":[]}],"origin_group":[],"price_class":"PriceClass_All","restrictions":[{"geo_restriction":[{"locations":[],"restriction_type":"none"}]}],"retain_on_delete":false,"staging":false,"status":"Deployed","tags":{"Application":"simple-sns","Environment":"production"},"tags_all":{"Application":"simple-sns","Environment":"production"},"trusted_key_groups":[{"enabled":false,"items":[]}],"trusted_signers":[{"enabled":false,"items":[]}],"viewer_certificate":[{"acm_certificate_arn":"arn:aws:acm:us-east-1:278280499340:certificate/206e9e97-acbc-4154-8d95-71eacdd521d8","cloudfront_default_certificate":false,"iam_certificate_id":"","minimum_protocol_version":"TLSv1.2_2021","ssl_support_method":"sni-only"}],"wait_for_deployment":true,"web_acl_id":"arn:aws:wafv2:us-east-1:278280499340:global/webacl/CreatedByCloudFront-5cc66f1d/2b9f8cbc-f8fb-42a6-9f38-99dd8e7774ce"},"sensitive_attributes":[],"private":"eyJzY2hlbWFfdmVyc2lvbiI6IjEifQ=="}]},{"module":"module.simple_sns","mode":"managed","type":"aws_cloudfront_origin_access_control","name":"simple_sns_frontend","provider":"provider[\"registry.opentofu.org/hashicorp/aws\"]","instances":[{"schema_version":0,"attributes":{"arn":"arn:aws:cloudfront::278280499340:origin-access-control/E2IGSXZTLC7R9U","description":"OAC for frontend S3 bucket","etag":"ETVPDKIKX0DER","id":"E2IGSXZTLC7R9U","name":"simple-sns-frontend-oac","origin_access_control_origin_type":"s3","signing_behavior":"always","signing_protocol":"sigv4"},"sensitive_attributes":[],"private":"bnVsbA=="}]},{"module":"module.simple_sns","mode":"managed","type":"aws_s3_bucket","name":"simple_sns_frontend","provider":"provider[\"registry.opentofu.org/hashicorp/aws\"]","instances":[{"schema_version":0,"attributes":{"acceleration_status":"","acl":null,"arn":"arn:aws:s3:::simple-sns-2026","bucket":"simple-sns-2026","bucket_domain_name":"simple-sns-2026.s3.amazonaws.com","bucket_prefix":"","bucket_regional_domain_name":"simple-sns-2026.s3.ap-northeast-1.amazonaws.com","cors_rule":[],"force_destroy":false,"grant":[{"id":"abf487917e405b598a0dd2f9962d382ed8a07c8a377d57791a4b1ea26bccd49f","permissions":["FULL_CONTROL"],"type":"CanonicalUser","uri":""}],"hosted_zone_id":"Z2M4EHUR26P7ZW","id":"simple-sns-2026","lifecycle_rule":[],"logging":[],"object_lock_configuration":[],"object_lock_enabled":false,"policy":"","region":"ap-northeast-1","replication_configuration":[],"request_payer":"BucketOwner","server_side_encryption_configuration":[{"rule":[{"apply_server_side_encryption_by_default":[{"kms_master_key_id":"","sse_algorithm":"AES256"}],"bucket_key_enabled":false}]}],"tags":{"Application":"simple-sns","Environment":"production"},"tags_all":{"Application":"simple-sns","Environment":"production"},"timeouts":null,"versioning":[{"enabled":false,"mfa_delete":false}],"website":[],"website_domain":"s3-website-ap-northeast-1.amazonaws.com","website_endpoint":"simple-sns-2026.s3-website-ap-northeast-1.amazonaws.com"},"sensitive_attributes":[],"private":"eyJlMmJmYjczMC1lY2FhLTExZTYtOGY4OC0zNDM2M2JjN2M0YzAiOnsiY3JlYXRlIjoxMjAwMDAwMDAwMDAwLCJkZWxldGUiOjM2MDAwMDAwMDAwMDAsInJlYWQiOjEyMDAwMDAwMDAwMDAsInVwZGF0ZSI6MTIwMDAwMDAwMDAwMH19"}]},{"module":"module.simple_sns","mode":"managed","type":"aws_s3_bucket","name":"simple_sns_logs","provider":"provider[\"registry.opentofu.org/hashicorp/aws\"]","instances":[{"schema_version":0,"attributes":{"acceleration_status":"","acl":null,"arn":"arn:aws:s3:::simple-sns-access-logs","bucket":"simple-sns-access-logs","bucket_domain_name":"simple-sns-access-logs.s3.amazonaws.com","bucket_prefix":"","bucket_regional_domain_name":"simple-sns-access-logs.s3.ap-northeast-1.amazonaws.com","cors_rule":[],"force_destroy":false,"grant":[{"id":"abf487917e405b598a0dd2f9962d382ed8a07c8a377d57791a4b1ea26bccd49f","permissions":["FULL_CONTROL"],"type":"CanonicalUser","uri":""}],"hosted_zone_id":"Z2M4EHUR26P7ZW","id":"simple-sns-access-logs","lifecycle_rule":[],"logging":[],"object_lock_configuration":[],"object_lock_enabled":false,"policy":"","region":"ap-northeast-1","replication_configuration":[],"request_payer":"BucketOwner","server_side_encryption_configuration":[{"rule":[{"apply_server_side_encryption_by_default":[{"kms_master_key_id":"","sse_algorithm":"AES256"}],"bucket_key_enabled":false}]}],"tags":{"Application":"simple-sns","Environment":"production"},"tags_all":{"Application":"simple-sns","Environment":"production"},"timeouts":null,"versioning":[{"enabled":false,"mfa_delete":false}],"website":[],"website_domain":null,"website_endpoint":null},"sensitive_attributes":[],"private":"eyJlMmJmYjczMC1lY2FhLTExZTYtOGY4OC0zNDM2M2JjN2M0YzAiOnsiY3JlYXRlIjoxMjAwMDAwMDAwMDAwLCJkZWxldGUiOjM2MDAwMDAwMDAwMDAsInJlYWQiOjEyMDAwMDAwMDAwMDAsInVwZGF0ZSI6MTIwMDAwMDAwMDAwMH19"}]}],"check_results":null}
