{"version":4,"terraform_version":"1.11.4","serial":55,"lineage":"9cf6486c-ea9e-245d-a417-d98aa5b48af1","outputs":{"bucket_name":{"value":"ashnova-production-68wmm0bv","type":"string"},"bucket_url":{"value":"gs://ashnova-production-68wmm0bv","type":"string"},"bucket_website_url":{"value":"https://storage.googleapis.com/ashnova-production-68wmm0bv/index.html","type":"string"},"custom_domain":{"value":"www.gcp.ashnova.jp","type":"string"},"dns_configuration":{"value":{"domains":["www.gcp.ashnova.jp","sns.gcp.ashnova.jp"],"type":"A","value":"34.95.112.162"},"type":["object",{"domains":["list","string"],"type":"string","value":"string"}]},"load_balancer_ip":{"value":"34.95.112.162","type":"string"},"ssl_certificate_id":{"value":"projects/899621454670/global/sslCertificates/ashnova-production-cert-f70c4077","type":"string"},"website_url":{"value":"https://www.gcp.ashnova.jp","type":"string"}},"resources":[{"mode":"data","type":"terraform_remote_state","name":"simple_sns","provider":"provider[\"terraform.io/builtin/terraform\"]","instances":[{"schema_version":0,"attributes":{"backend":"local","config":{"value":{"path":"./../simple-sns/terraform.tfstate"},"type":["object",{"path":"string"}]},"defaults":null,"outputs":{"value":{"create_post_url":"https://simple-sns-create-post-son5b3ml7a-an.a.run.app","delete_post_url":"https://simple-sns-delete-post-son5b3ml7a-an.a.run.app","frontend_bucket":"simple-sns-frontend-ylfdls","frontend_url":"https://storage.googleapis.com/simple-sns-frontend-ylfdls/index.html","get_upload_urls_url":"https://simple-sns-get-upload-urls-son5b3ml7a-an.a.run.app","images_bucket":"simple-sns-images-ylfdls","list_posts_url":"https://simple-sns-list-posts-son5b3ml7a-an.a.run.app","profile_url":"https://simple-sns-profile-son5b3ml7a-an.a.run.app","project_id":"ashnova","region":"asia-northeast1","static_site_bucket_name":"ashnova-production-zglzr0o7","static_site_load_balancer_ip":"34.95.112.162","static_site_website_url":"https://sns.gcp.ashnova.jp"},"type":["object",{"create_post_url":"string","delete_post_url":"string","frontend_bucket":"string","frontend_url":"string","get_upload_urls_url":"string","images_bucket":"string","list_posts_url":"string","profile_url":"string","project_id":"string","region":"string","static_site_bucket_name":"string","static_site_load_balancer_ip":"string","static_site_website_url":"string"}]},"workspace":null},"sensitive_attributes":[]}]},{"module":"module.static_website.module.static_website[0]","mode":"managed","type":"google_compute_backend_bucket","name":"extra","provider":"provider[\"registry.opentofu.org/hashicorp/google\"]","instances":[{"index_key":"sns.gcp.ashnova.jp","schema_version":0,"attributes":{"bucket_name":"simple-sns-frontend-ylfdls","cdn_policy":[{"bypass_cache_on_request_headers":[],"cache_key_policy":[],"cache_mode":"CACHE_ALL_STATIC","client_ttl":3600,"default_ttl":3600,"max_ttl":86400,"negative_caching":true,"negative_caching_policy":[],"request_coalescing":true,"serve_while_stale":86400,"signed_url_cache_max_age_sec":0}],"compression_mode":"","creation_timestamp":"2026-02-03T21:47:55.298-08:00","custom_response_headers":[],"description":"","edge_security_policy":"","enable_cdn":true,"id":"projects/899621454670/global/backendBuckets/ashnova-production-backend-sns-gcp-ashnova-jp","name":"ashnova-production-backend-sns-gcp-ashnova-jp","project":"899621454670","self_link":"https://www.googleapis.com/compute/v1/projects/ashnova/global/backendBuckets/ashnova-production-backend-sns-gcp-ashnova-jp","timeouts":null},"sensitive_attributes":[],"private":"eyJlMmJmYjczMC1lY2FhLTExZTYtOGY4OC0zNDM2M2JjN2M0YzAiOnsiY3JlYXRlIjoxMjAwMDAwMDAwMDAwLCJkZWxldGUiOjEyMDAwMDAwMDAwMDAsInVwZGF0ZSI6MTIwMDAwMDAwMDAwMH19","dependencies":["data.terraform_remote_state.simple_sns","module.static_website.module.simple_sns.google_storage_bucket.frontend","module.static_website.module.simple_sns.google_storage_bucket.logs","module.static_website.module.simple_sns.random_string.suffix"]}]},{"module":"module.static_website.module.static_website[0]","mode":"managed","type":"google_compute_backend_bucket","name":"static_site","provider":"provider[\"registry.opentofu.org/hashicorp/google\"]","instances":[{"index_key":0,"schema_version":0,"attributes":{"bucket_name":"ashnova-production-68wmm0bv","cdn_policy":[{"bypass_cache_on_request_headers":[],"cache_key_policy":[],"cache_mode":"CACHE_ALL_STATIC","client_ttl":3600,"default_ttl":3600,"max_ttl":86400,"negative_caching":true,"negative_caching_policy":[],"request_coalescing":false,"serve_while_stale":86400,"signed_url_cache_max_age_sec":0}],"compression_mode":"","creation_timestamp":"2026-02-03T18:53:04.482-08:00","custom_response_headers":[],"description":"","edge_security_policy":"","enable_cdn":true,"id":"projects/899621454670/global/backendBuckets/ashnova-production-backend","name":"ashnova-production-backend","project":"899621454670","self_link":"https://www.googleapis.com/compute/v1/projects/ashnova/global/backendBuckets/ashnova-production-backend","timeouts":null},"sensitive_attributes":[],"private":"eyJlMmJmYjczMC1lY2FhLTExZTYtOGY4OC0zNDM2M2JjN2M0YzAiOnsiY3JlYXRlIjoxMjAwMDAwMDAwMDAwLCJkZWxldGUiOjEyMDAwMDAwMDAwMDAsInVwZGF0ZSI6MTIwMDAwMDAwMDAwMH19","dependencies":["module.static_website.module.static_website.google_storage_bucket.logs","module.static_website.module.static_website.google_storage_bucket.static_site","module.static_website.module.static_website.random_string.suffix"]}]},{"module":"module.static_website.module.static_website[0]","mode":"managed","type":"google_compute_global_address","name":"static_site","provider":"provider[\"registry.opentofu.org/hashicorp/google\"]","instances":[{"index_key":0,"schema_version":0,"attributes":{"address":"34.95.112.162","address_type":"EXTERNAL","creation_timestamp":"2026-01-30T02:50:42.060-08:00","description":"","effective_labels":{},"id":"projects/899621454670/global/addresses/ashnova-production-ip","ip_version":"","label_fingerprint":"42WmSpB8rSM=","labels":{},"name":"ashnova-production-ip","network":"","prefix_length":0,"project":"899621454670","purpose":"","self_link":"https://www.googleapis.com/compute/v1/projects/ashnova/global/addresses/ashnova-production-ip","terraform_labels":{},"timeouts":null},"sensitive_attributes":[],"private":"eyJlMmJmYjczMC1lY2FhLTExZTYtOGY4OC0zNDM2M2JjN2M0YzAiOnsiY3JlYXRlIjoxMjAwMDAwMDAwMDAwLCJkZWxldGUiOjEyMDAwMDAwMDAwMDAsInVwZGF0ZSI6MTIwMDAwMDAwMDAwMH19"}]},{"module":"module.static_website.module.static_website[0]","mode":"managed","type":"google_compute_global_forwarding_rule","name":"http","provider":"provider[\"registry.opentofu.org/hashicorp/google\"]","instances":[{"index_key":0,"schema_version":0,"attributes":{"base_forwarding_rule":"","description":"","effective_labels":{},"id":"projects/899621454670/global/forwardingRules/ashnova-production-http-rule","ip_address":"34.95.112.162","ip_protocol":"TCP","ip_version":"","label_fingerprint":"42WmSpB8rSM=","labels":{},"load_balancing_scheme":"EXTERNAL","metadata_filters":[],"name":"ashnova-production-http-rule","network":"","no_automate_dns_zone":null,"port_range":"80-80","project":"899621454670","psc_connection_id":"","psc_connection_status":"","self_link":"https://www.googleapis.com/compute/v1/projects/ashnova/global/forwardingRules/ashnova-production-http-rule","service_directory_registrations":[],"source_ip_ranges":[],"subnetwork":"","target":"https://www.googleapis.com/compute/v1/projects/ashnova/global/targetHttpProxies/ashnova-production-http-proxy","terraform_labels":{},"timeouts":null},"sensitive_attributes":[],"private":"eyJlMmJmYjczMC1lY2FhLTExZTYtOGY4OC0zNDM2M2JjN2M0YzAiOnsiY3JlYXRlIjoxMjAwMDAwMDAwMDAwLCJkZWxldGUiOjEyMDAwMDAwMDAwMDAsInVwZGF0ZSI6MTIwMDAwMDAwMDAwMH19","dependencies":["data.terraform_remote_state.simple_sns","module.static_website.module.simple_sns.google_storage_bucket.frontend","module.static_website.module.simple_sns.google_storage_bucket.logs","module.static_website.module.simple_sns.random_string.suffix","module.static_website.module.static_website.google_cloud_run_v2_service.static_site","module.static_website.module.static_website.google_compute_backend_bucket.extra","module.static_website.module.static_website.google_compute_backend_bucket.static_site","module.static_website.module.static_website.google_compute_backend_service.cloudrun_default","module.static_website.module.static_website.google_compute_backend_service.cloudrun_extra","module.static_website.module.static_website.google_compute_global_address.static_site","module.static_website.module.static_website.google_compute_region_network_endpoint_group.serverless","module.static_website.module.static_website.google_compute_target_http_proxy.static_site","module.static_website.module.static_website.google_compute_url_map.static_site","module.static_website.module.static_website.google_service_account.cloudrun_frontend","module.static_website.module.static_website.google_storage_bucket.logs","module.static_website.module.static_website.google_storage_bucket.static_site","module.static_website.module.static_website.random_string.suffix"]}]},{"module":"module.static_website.module.static_website[0]","mode":"managed","type":"google_compute_global_forwarding_rule","name":"https","provider":"provider[\"registry.opentofu.org/hashicorp/google\"]","instances":[{"index_key":0,"schema_version":0,"attributes":{"base_forwarding_rule":"","description":"","effective_labels":{},"id":"projects/899621454670/global/forwardingRules/ashnova-production-https-rule","ip_address":"34.95.112.162","ip_protocol":"TCP","ip_version":"","label_fingerprint":"42WmSpB8rSM=","labels":{},"load_balancing_scheme":"EXTERNAL","metadata_filters":[],"name":"ashnova-production-https-rule","network":"","no_automate_dns_zone":null,"port_range":"443-443","project":"899621454670","psc_connection_id":"","psc_connection_status":"","self_link":"https://www.googleapis.com/compute/v1/projects/ashnova/global/forwardingRules/ashnova-production-https-rule","service_directory_registrations":[],"source_ip_ranges":[],"subnetwork":"","target":"https://www.googleapis.com/compute/v1/projects/ashnova/global/targetHttpsProxies/ashnova-production-https-proxy","terraform_labels":{},"timeouts":null},"sensitive_attributes":[],"private":"eyJlMmJmYjczMC1lY2FhLTExZTYtOGY4OC0zNDM2M2JjN2M0YzAiOnsiY3JlYXRlIjoxMjAwMDAwMDAwMDAwLCJkZWxldGUiOjEyMDAwMDAwMDAwMDAsInVwZGF0ZSI6MTIwMDAwMDAwMDAwMH19","dependencies":["data.terraform_remote_state.simple_sns","module.static_website.module.simple_sns.google_storage_bucket.frontend","module.static_website.module.simple_sns.google_storage_bucket.logs","module.static_website.module.simple_sns.random_string.suffix","module.static_website.module.static_website.google_cloud_run_v2_service.static_site","module.static_website.module.static_website.google_compute_backend_bucket.extra","module.static_website.module.static_website.google_compute_backend_bucket.static_site","module.static_website.module.static_website.google_compute_backend_service.cloudrun_default","module.static_website.module.static_website.google_compute_backend_service.cloudrun_extra","module.static_website.module.static_website.google_compute_global_address.static_site","module.static_website.module.static_website.google_compute_managed_ssl_certificate.static_site","module.static_website.module.static_website.google_compute_region_network_endpoint_group.serverless","module.static_website.module.static_website.google_compute_target_https_proxy.static_site","module.static_website.module.static_website.google_compute_url_map.static_site","module.static_website.module.static_website.google_service_account.cloudrun_frontend","module.static_website.module.static_website.google_storage_bucket.logs","module.static_website.module.static_website.google_storage_bucket.static_site","module.static_website.module.static_website.random_id.ssl_cert_suffix","module.static_website.module.static_website.random_string.suffix"]}]},{"module":"module.static_website.module.static_website[0]","mode":"managed","type":"google_compute_managed_ssl_certificate","name":"static_site","provider":"provider[\"registry.opentofu.org/hashicorp/google\"]","instances":[{"index_key":0,"schema_version":0,"attributes":{"certificate_id":4176560831748596538,"creation_timestamp":"2026-02-03T21:49:10.105-08:00","description":"","expire_time":"2026-05-04T22:49:11.000-07:00","id":"projects/899621454670/global/sslCertificates/ashnova-production-cert-f70c4077","managed":[{"domains":["www.gcp.ashnova.jp","sns.gcp.ashnova.jp"]}],"name":"ashnova-production-cert-f70c4077","project":"899621454670","self_link":"https://www.googleapis.com/compute/v1/projects/ashnova/global/sslCertificates/ashnova-production-cert-f70c4077","subject_alternative_names":["www.gcp.ashnova.jp","sns.gcp.ashnova.jp"],"timeouts":null,"type":"MANAGED"},"sensitive_attributes":[],"private":"eyJlMmJmYjczMC1lY2FhLTExZTYtOGY4OC0zNDM2M2JjN2M0YzAiOnsiY3JlYXRlIjoxODAwMDAwMDAwMDAwLCJkZWxldGUiOjE4MDAwMDAwMDAwMDB9fQ==","dependencies":["module.static_website.module.static_website.random_id.ssl_cert_suffix"],"create_before_destroy":true}]},{"module":"module.static_website.module.static_website[0]","mode":"managed","type":"google_compute_target_http_proxy","name":"static_site","provider":"provider[\"registry.opentofu.org/hashicorp/google\"]","instances":[{"index_key":0,"schema_version":0,"attributes":{"creation_timestamp":"2026-01-30T02:56:36.607-08:00","description":"","http_keep_alive_timeout_sec":0,"id":"projects/899621454670/global/targetHttpProxies/ashnova-production-http-proxy","name":"ashnova-production-http-proxy","project":"899621454670","proxy_bind":false,"proxy_id":8665707529106436235,"self_link":"https://www.googleapis.com/compute/v1/projects/ashnova/global/targetHttpProxies/ashnova-production-http-proxy","timeouts":null,"url_map":"https://www.googleapis.com/compute/v1/projects/ashnova/global/urlMaps/ashnova-production-url-map"},"sensitive_attributes":[],"private":"eyJlMmJmYjczMC1lY2FhLTExZTYtOGY4OC0zNDM2M2JjN2M0YzAiOnsiY3JlYXRlIjoxMjAwMDAwMDAwMDAwLCJkZWxldGUiOjEyMDAwMDAwMDAwMDAsInVwZGF0ZSI6MTIwMDAwMDAwMDAwMH19","dependencies":["data.terraform_remote_state.simple_sns","module.static_website.module.simple_sns.google_storage_bucket.frontend","module.static_website.module.simple_sns.google_storage_bucket.logs","module.static_website.module.simple_sns.random_string.suffix","module.static_website.module.static_website.google_cloud_run_v2_service.static_site","module.static_website.module.static_website.google_compute_backend_bucket.extra","module.static_website.module.static_website.google_compute_backend_bucket.static_site","module.static_website.module.static_website.google_compute_backend_service.cloudrun_default","module.static_website.module.static_website.google_compute_backend_service.cloudrun_extra","module.static_website.module.static_website.google_compute_region_network_endpoint_group.serverless","module.static_website.module.static_website.google_compute_url_map.static_site","module.static_website.module.static_website.google_service_account.cloudrun_frontend","module.static_website.module.static_website.google_storage_bucket.logs","module.static_website.module.static_website.google_storage_bucket.static_site","module.static_website.module.static_website.random_string.suffix"]}]},{"module":"module.static_website.module.static_website[0]","mode":"managed","type":"google_compute_target_https_proxy","name":"static_site","provider":"provider[\"registry.opentofu.org/hashicorp/google\"]","instances":[{"index_key":0,"schema_version":0,"attributes":{"certificate_manager_certificates":[],"certificate_map":"","creation_timestamp":"2026-02-01T19:51:27.976-08:00","description":"","http_keep_alive_timeout_sec":0,"id":"projects/899621454670/global/targetHttpsProxies/ashnova-production-https-proxy","name":"ashnova-production-https-proxy","project":"899621454670","proxy_bind":false,"proxy_id":7830801796974879184,"quic_override":"NONE","self_link":"https://www.googleapis.com/compute/v1/projects/ashnova/global/targetHttpsProxies/ashnova-production-https-proxy","server_tls_policy":"","ssl_certificates":["https://www.googleapis.com/compute/v1/projects/ashnova/global/sslCertificates/ashnova-production-cert-f70c4077"],"ssl_policy":"","timeouts":null,"tls_early_data":"DISABLED","url_map":"https://www.googleapis.com/compute/v1/projects/ashnova/global/urlMaps/ashnova-production-url-map"},"sensitive_attributes":[],"private":"eyJlMmJmYjczMC1lY2FhLTExZTYtOGY4OC0zNDM2M2JjN2M0YzAiOnsiY3JlYXRlIjoxMjAwMDAwMDAwMDAwLCJkZWxldGUiOjEyMDAwMDAwMDAwMDAsInVwZGF0ZSI6MTIwMDAwMDAwMDAwMH19","dependencies":["data.terraform_remote_state.simple_sns","module.static_website.module.simple_sns.google_storage_bucket.frontend","module.static_website.module.simple_sns.google_storage_bucket.logs","module.static_website.module.simple_sns.random_string.suffix","module.static_website.module.static_website.google_cloud_run_v2_service.static_site","module.static_website.module.static_website.google_compute_backend_bucket.extra","module.static_website.module.static_website.google_compute_backend_bucket.static_site","module.static_website.module.static_website.google_compute_backend_service.cloudrun_default","module.static_website.module.static_website.google_compute_backend_service.cloudrun_extra","module.static_website.module.static_website.google_compute_managed_ssl_certificate.static_site","module.static_website.module.static_website.google_compute_region_network_endpoint_group.serverless","module.static_website.module.static_website.google_compute_url_map.static_site","module.static_website.module.static_website.google_service_account.cloudrun_frontend","module.static_website.module.static_website.google_storage_bucket.logs","module.static_website.module.static_website.google_storage_bucket.static_site","module.static_website.module.static_website.random_id.ssl_cert_suffix","module.static_website.module.static_website.random_string.suffix"]}]},{"module":"module.static_website.module.static_website[0]","mode":"managed","type":"google_compute_url_map","name":"static_site","provider":"provider[\"registry.opentofu.org/hashicorp/google\"]","instances":[{"index_key":0,"schema_version":0,"attributes":{"creation_timestamp":"2026-01-30T02:56:23.668-08:00","default_route_action":[],"default_service":"https://www.googleapis.com/compute/v1/projects/ashnova/global/backendBuckets/ashnova-production-backend","default_url_redirect":[],"description":"","fingerprint":"SVbDTpVKdJ4=","header_action":[],"host_rule":[{"description":"","hosts":["sns.gcp.ashnova.jp"],"path_matcher":"pm-sns-gcp-ashnova-jp"}],"id":"projects/899621454670/global/urlMaps/ashnova-production-url-map","map_id":1160209453011775672,"name":"ashnova-production-url-map","path_matcher":[{"default_route_action":[],"default_service":"https://www.googleapis.com/compute/v1/projects/ashnova/global/backendBuckets/ashnova-production-backend-sns-gcp-ashnova-jp","default_url_redirect":[],"description":"","header_action":[],"name":"pm-sns-gcp-ashnova-jp","path_rule":[],"route_rules":[]}],"project":"899621454670","self_link":"https://www.googleapis.com/compute/v1/projects/ashnova/global/urlMaps/ashnova-production-url-map","test":[],"timeouts":null},"sensitive_attributes":[],"private":"eyJlMmJmYjczMC1lY2FhLTExZTYtOGY4OC0zNDM2M2JjN2M0YzAiOnsiY3JlYXRlIjoxMjAwMDAwMDAwMDAwLCJkZWxldGUiOjEyMDAwMDAwMDAwMDAsInVwZGF0ZSI6MTIwMDAwMDAwMDAwMH19","dependencies":["data.terraform_remote_state.simple_sns","module.static_website.module.simple_sns.google_storage_bucket.frontend","module.static_website.module.simple_sns.google_storage_bucket.logs","module.static_website.module.simple_sns.random_string.suffix","module.static_website.module.static_website.google_cloud_run_v2_service.static_site","module.static_website.module.static_website.google_compute_backend_bucket.extra","module.static_website.module.static_website.google_compute_backend_bucket.static_site","module.static_website.module.static_website.google_compute_backend_service.cloudrun_default","module.static_website.module.static_website.google_compute_backend_service.cloudrun_extra","module.static_website.module.static_website.google_compute_region_network_endpoint_group.serverless","module.static_website.module.static_website.google_service_account.cloudrun_frontend","module.static_website.module.static_website.google_storage_bucket.logs","module.static_website.module.static_website.google_storage_bucket.static_site","module.static_website.module.static_website.random_string.suffix"]}]},{"module":"module.static_website.module.static_website[0]","mode":"managed","type":"google_storage_bucket","name":"logs","provider":"provider[\"registry.opentofu.org/hashicorp/google\"]","instances":[{"schema_version":2,"attributes":{"autoclass":[],"cors":[],"custom_placement_config":[],"default_event_based_hold":false,"effective_labels":{"environment":"production","managed-by":"opentofu","project":"ashnova"},"enable_object_retention":false,"encryption":[],"force_destroy":true,"id":"ashnova-logs-68wmm0bv","labels":{"environment":"production","managed-by":"opentofu","project":"ashnova"},"lifecycle_rule":[{"action":[{"storage_class":"","type":"Delete"}],"condition":[{"age":30,"created_before":"","custom_time_before":"","days_since_custom_time":0,"days_since_noncurrent_time":0,"matches_prefix":[],"matches_storage_class":[],"matches_suffix":[],"no_age":false,"noncurrent_time_before":"","num_newer_versions":0,"send_age_if_zero":true,"send_days_since_custom_time_if_zero":false,"send_days_since_noncurrent_time_if_zero":false,"send_num_newer_versions_if_zero":false,"with_state":"ANY"}]}],"location":"ASIA","logging":[],"name":"ashnova-logs-68wmm0bv","project":"899621454670","project_number":899621454670,"public_access_prevention":"enforced","requester_pays":false,"retention_policy":[],"rpo":"DEFAULT","self_link":"https://www.googleapis.com/storage/v1/b/ashnova-logs-68wmm0bv","soft_delete_policy":[{"effective_time":"2026-01-30T10:50:43.108Z","retention_duration_seconds":604800}],"storage_class":"STANDARD","terraform_labels":{"environment":"production","managed-by":"opentofu","project":"ashnova"},"timeouts":null,"uniform_bucket_level_access":true,"url":"gs://ashnova-logs-68wmm0bv","versioning":[],"website":[]},"sensitive_attributes":[],"private":"eyJlMmJmYjczMC1lY2FhLTExZTYtOGY4OC0zNDM2M2JjN2M0YzAiOnsiY3JlYXRlIjo2MDAwMDAwMDAwMDAsInJlYWQiOjI0MDAwMDAwMDAwMCwidXBkYXRlIjoyNDAwMDAwMDAwMDB9LCJzY2hlbWFfdmVyc2lvbiI6IjIifQ==","dependencies":["module.static_website.module.static_website.random_string.suffix"]}]},{"module":"module.static_website.module.static_website[0]","mode":"managed","type":"google_storage_bucket","name":"static_site","provider":"provider[\"registry.opentofu.org/hashicorp/google\"]","instances":[{"schema_version":2,"attributes":{"autoclass":[],"cors":[],"custom_placement_config":[],"default_event_based_hold":false,"effective_labels":{"environment":"production","managed-by":"opentofu","project":"ashnova"},"enable_object_retention":false,"encryption":[],"force_destroy":true,"id":"ashnova-production-68wmm0bv","labels":{"environment":"production","managed-by":"opentofu","project":"ashnova"},"lifecycle_rule":[{"action":[{"storage_class":"","type":"Delete"}],"condition":[{"age":0,"created_before":"","custom_time_before":"","days_since_custom_time":0,"days_since_noncurrent_time":0,"matches_prefix":[],"matches_storage_class":[],"matches_suffix":[],"no_age":false,"noncurrent_time_before":"","num_newer_versions":3,"send_age_if_zero":true,"send_days_since_custom_time_if_zero":false,"send_days_since_noncurrent_time_if_zero":false,"send_num_newer_versions_if_zero":false,"with_state":"ANY"}]}],"location":"ASIA","logging":[{"log_bucket":"ashnova-logs-68wmm0bv","log_object_prefix":"gcs-logs/"}],"name":"ashnova-production-68wmm0bv","project":"899621454670","project_number":899621454670,"public_access_prevention":"inherited","requester_pays":false,"retention_policy":[],"rpo":"DEFAULT","self_link":"https://www.googleapis.com/storage/v1/b/ashnova-production-68wmm0bv","soft_delete_policy":[{"effective_time":"2026-01-30T10:50:46.308Z","retention_duration_seconds":604800}],"storage_class":"STANDARD","terraform_labels":{"environment":"production","managed-by":"opentofu","project":"ashnova"},"timeouts":null,"uniform_bucket_level_access":true,"url":"gs://ashnova-production-68wmm0bv","versioning":[{"enabled":true}],"website":[{"main_page_suffix":"index.html","not_found_page":"error.html"}]},"sensitive_attributes":[],"private":"eyJlMmJmYjczMC1lY2FhLTExZTYtOGY4OC0zNDM2M2JjN2M0YzAiOnsiY3JlYXRlIjo2MDAwMDAwMDAwMDAsInJlYWQiOjI0MDAwMDAwMDAwMCwidXBkYXRlIjoyNDAwMDAwMDAwMDB9LCJzY2hlbWFfdmVyc2lvbiI6IjIifQ==","dependencies":["module.static_website.module.static_website.google_storage_bucket.logs","module.static_website.module.static_website.random_string.suffix"]}]},{"module":"module.static_website.module.static_website[0]","mode":"managed","type":"google_storage_bucket_iam_member","name":"public_read","provider":"provider[\"registry.opentofu.org/hashicorp/google\"]","instances":[{"schema_version":0,"attributes":{"bucket":"b/ashnova-production-68wmm0bv","condition":[],"etag":"CAI=","id":"b/ashnova-production-68wmm0bv/roles/storage.objectViewer/allUsers","member":"allUsers","role":"roles/storage.objectViewer"},"sensitive_attributes":[],"private":"bnVsbA==","dependencies":["module.static_website.module.static_website.google_storage_bucket.logs","module.static_website.module.static_website.google_storage_bucket.static_site","module.static_website.module.static_website.random_string.suffix"]}]},{"module":"module.static_website.module.static_website[0]","mode":"managed","type":"random_id","name":"ssl_cert_suffix","provider":"provider[\"registry.opentofu.org/hashicorp/random\"]","instances":[{"schema_version":0,"attributes":{"b64_std":"9wxAdw==","b64_url":"9wxAdw","byte_length":4,"dec":"4144775287","hex":"f70c4077","id":"9wxAdw","keepers":{"domains":"www.gcp.ashnova.jp,sns.gcp.ashnova.jp"},"prefix":null},"sensitive_attributes":[],"create_before_destroy":true}]},{"module":"module.static_website.module.static_website[0]","mode":"managed","type":"random_string","name":"suffix","provider":"provider[\"registry.opentofu.org/hashicorp/random\"]","instances":[{"schema_version":2,"attributes":{"id":"68wmm0bv","keepers":null,"length":8,"lower":true,"min_lower":0,"min_numeric":0,"min_special":0,"min_upper":0,"number":true,"numeric":true,"override_special":null,"result":"68wmm0bv","special":false,"upper":false},"sensitive_attributes":[]}]}],"check_results":[{"object_kind":"var","config_addr":"module.static_website.var.simple_sns_functions_zip_path","status":"pass","objects":[{"object_addr":"module.static_website.var.simple_sns_functions_zip_path","status":"pass"}]}]}
